
Microsoft Visual Studio Solution File, Format Version 12.00
# Visual Studio 15
VisualStudioVersion = 15.0.28307.1062
MinimumVisualStudioVersion = 10.0.40219.1
Project("{FAE04EC0-301F-11D3-BF4B-00C04F79EFBC}") = "TestDemo.UnitTests", "TestDemo.UnitTests\TestDemo.UnitTests.csproj", "{A38202BA-5CBB-40D4-B9A8-5CE0F4018602}"
EndProject
Global
	GlobalSection(SolutionConfigurationPlatforms) = preSolution
		Debug|Any CPU = Debug|Any CPU
		Release|Any CPU = Release|Any CPU
	EndGlobalSection
	GlobalSection(ProjectConfigurationPlatforms) = postSolution
		{A38202BA-5CBB-40D4-B9A8-5CE0F4018602}.Debug|Any CPU.ActiveCfg = Debug|Any CPU
		{A38202BA-5CBB-40D4-B9A8-5CE0F4018602}.Debug|Any CPU.Build.0 = Debug|Any CPU
		{A38202BA-5CBB-40D4-B9A8-5CE0F4018602}.Release|Any CPU.ActiveCfg = Release|Any CPU
		{A38202BA-5CBB-40D4-B9A8-5CE0F4018602}.Release|Any CPU.Build.0 = Release|Any CPU
	EndGlobalSection
	GlobalSection(SolutionProperties) = preSolution
		HideSolutionNode = FALSE
	EndGlobalSection
	GlobalSection(ExtensibilityGlobals) = postSolution
		SolutionGuid = {0712D2FB-1B1B-4F0B-B46E-5B0F8772270E}
	EndGlobalSection
EndGlobal
